
Microsoft Visual Studio Solution File, Format Version 12.00
# Visual Studio 14
VisualStudioVersion = 14.0.25420.1
MinimumVisualStudioVersion = 10.0.40219.1
Project("{FAE04EC0-301F-11D3-BF4B-00C04F79EFBC}") = "ItsApp", "ItsApp\ItsApp.csproj", "{F7FB5DDB-77B6-4667-911C-59DF021CC6CE}"
EndProject
Project("{FAE04EC0-301F-11D3-BF4B-00C04F79EFBC}") = "ItsAppServer", "ItsAppServer\ItsAppServer.csproj", "{13EE67DB-9E3F-4D21-8006-769F2C800CF0}"
EndProject
Global
	GlobalSection(SolutionConfigurationPlatforms) = preSolution
		Debug|Any CPU = Debug|Any CPU
		Release|Any CPU = Release|Any CPU
	EndGlobalSection
	GlobalSection(ProjectConfigurationPlatforms) = postSolution
		{F7FB5DDB-77B6-4667-911C-59DF021CC6CE}.Debug|Any CPU.ActiveCfg = Debug|Any CPU
		{F7FB5DDB-77B6-4667-911C-59DF021CC6CE}.Debug|Any CPU.Build.0 = Debug|Any CPU
		{F7FB5DDB-77B6-4667-911C-59DF021CC6CE}.Release|Any CPU.ActiveCfg = Release|Any CPU
		{F7FB5DDB-77B6-4667-911C-59DF021CC6CE}.Release|Any CPU.Build.0 = Release|Any CPU
		{13EE67DB-9E3F-4D21-8006-769F2C800CF0}.Debug|Any CPU.ActiveCfg = Debug|Any CPU
		{13EE67DB-9E3F-4D21-8006-769F2C800CF0}.Debug|Any CPU.Build.0 = Debug|Any CPU
		{13EE67DB-9E3F-4D21-8006-769F2C800CF0}.Release|Any CPU.ActiveCfg = Release|Any CPU
		{13EE67DB-9E3F-4D21-8006-769F2C800CF0}.Release|Any CPU.Build.0 = Release|Any CPU
	EndGlobalSection
	GlobalSection(SolutionProperties) = preSolution
		HideSolutionNode = FALSE
	EndGlobalSection
EndGlobal
